
Microsoft Visual Studio Solution File, Format Version 12.00
# Visual Studio Version 16
VisualStudioVersion = 16.0.29209.62
MinimumVisualStudioVersion = 10.0.40219.1
Project("{9A19103F-16F7-4668-BE54-9A1E7A4F7556}") = "Student System", "Student System\Student System.csproj", "{57E866B9-52B9-4AEF-97C4-E2CCBB8905A3}"
EndProject
Project("{FAE04EC0-301F-11D3-BF4B-00C04F79EFBC}") = "Football Betting", "Football Betting\Football Betting.csproj", "{1873A692-C0AA-4D57-AF57-BDDE96EDD6C5}"
EndProject
Global
	GlobalSection(SolutionConfigurationPlatforms) = preSolution
		Debug|Any CPU = Debug|Any CPU
		Release|Any CPU = Release|Any CPU
	EndGlobalSection
	GlobalSection(ProjectConfigurationPlatforms) = postSolution
		{57E866B9-52B9-4AEF-97C4-E2CCBB8905A3}.Debug|Any CPU.ActiveCfg = Debug|Any CPU
		{57E866B9-52B9-4AEF-97C4-E2CCBB8905A3}.Debug|Any CPU.Build.0 = Debug|Any CPU
		{57E866B9-52B9-4AEF-97C4-E2CCBB8905A3}.Release|Any CPU.ActiveCfg = Release|Any CPU
		{57E866B9-52B9-4AEF-97C4-E2CCBB8905A3}.Release|Any CPU.Build.0 = Release|Any CPU
		{1873A692-C0AA-4D57-AF57-BDDE96EDD6C5}.Debug|Any CPU.ActiveCfg = Debug|Any CPU
		{1873A692-C0AA-4D57-AF57-BDDE96EDD6C5}.Debug|Any CPU.Build.0 = Debug|Any CPU
		{1873A692-C0AA-4D57-AF57-BDDE96EDD6C5}.Release|Any CPU.ActiveCfg = Release|Any CPU
		{1873A692-C0AA-4D57-AF57-BDDE96EDD6C5}.Release|Any CPU.Build.0 = Release|Any CPU
	EndGlobalSection
	GlobalSection(SolutionProperties) = preSolution
		HideSolutionNode = FALSE
	EndGlobalSection
	GlobalSection(ExtensibilityGlobals) = postSolution
		SolutionGuid = {0F804F76-C843-4B0C-804C-356AEBEB7FCA}
	EndGlobalSection
EndGlobal
